
Microsoft Visual Studio Solution File, Format Version 12.00
# Visual Studio Version 17
VisualStudioVersion = 17.7.34018.315
MinimumVisualStudioVersion = 10.0.40219.1
Project("{FAE04EC0-301F-11D3-BF4B-00C04F79EFBC}") = "ProyectoAlgoritmosOrdenamientoWF", "ProyectoAlgoritmosOrdenamientoWF.csproj", "{D51AB9C5-85A0-42C9-97A4-EBFE6AECB197}"
EndProject
Global
	GlobalSection(SolutionConfigurationPlatforms) = preSolution
		Debug|Any CPU = Debug|Any CPU
		Release|Any CPU = Release|Any CPU
	EndGlobalSection
	GlobalSection(ProjectConfigurationPlatforms) = postSolution
		{D51AB9C5-85A0-42C9-97A4-EBFE6AECB197}.Debug|Any CPU.ActiveCfg = Debug|Any CPU
		{D51AB9C5-85A0-42C9-97A4-EBFE6AECB197}.Debug|Any CPU.Build.0 = Debug|Any CPU
		{D51AB9C5-85A0-42C9-97A4-EBFE6AECB197}.Release|Any CPU.ActiveCfg = Release|Any CPU
		{D51AB9C5-85A0-42C9-97A4-EBFE6AECB197}.Release|Any CPU.Build.0 = Release|Any CPU
	EndGlobalSection
	GlobalSection(SolutionProperties) = preSolution
		HideSolutionNode = FALSE
	EndGlobalSection
	GlobalSection(ExtensibilityGlobals) = postSolution
		SolutionGuid = {EDD5DDC7-D58A-4EA7-87D6-62FA6C48643F}
	EndGlobalSection
EndGlobal
